
Microsoft Visual Studio Solution File, Format Version 12.00
# Visual Studio Version 17
VisualStudioVersion = 17.6.33829.357
MinimumVisualStudioVersion = 10.0.40219.1
Project("{FAE04EC0-301F-11D3-BF4B-00C04F79EFBC}") = "CSharp.Bai5", "CSharp.Bai5.csproj", "{DDD6F858-CA02-4FB0-8C0D-CE851E0C94D4}"
EndProject
Global
	GlobalSection(SolutionConfigurationPlatforms) = preSolution
		Debug|Any CPU = Debug|Any CPU
		Release|Any CPU = Release|Any CPU
	EndGlobalSection
	GlobalSection(ProjectConfigurationPlatforms) = postSolution
		{DDD6F858-CA02-4FB0-8C0D-CE851E0C94D4}.Debug|Any CPU.ActiveCfg = Debug|Any CPU
		{DDD6F858-CA02-4FB0-8C0D-CE851E0C94D4}.Debug|Any CPU.Build.0 = Debug|Any CPU
		{DDD6F858-CA02-4FB0-8C0D-CE851E0C94D4}.Release|Any CPU.ActiveCfg = Release|Any CPU
		{DDD6F858-CA02-4FB0-8C0D-CE851E0C94D4}.Release|Any CPU.Build.0 = Release|Any CPU
	EndGlobalSection
	GlobalSection(SolutionProperties) = preSolution
		HideSolutionNode = FALSE
	EndGlobalSection
	GlobalSection(ExtensibilityGlobals) = postSolution
		SolutionGuid = {7E56F48B-10A0-4B8F-A092-20A585B71F17}
	EndGlobalSection
EndGlobal
